
Microsoft Visual Studio Solution File, Format Version 12.00
# Visual Studio Version 16
VisualStudioVersion = 16.0.29102.190
MinimumVisualStudioVersion = 10.0.40219.1
Project("{FAE04EC0-301F-11D3-BF4B-00C04F79EFBC}") = "DxfReader", "DxfReader\DxfReader.csproj", "{18CCEC68-6E55-4B94-AF97-9D418A74C7B3}"
EndProject
Project("{FAE04EC0-301F-11D3-BF4B-00C04F79EFBC}") = "Tests", "Tests\Tests.csproj", "{B278C0DB-F6BA-4D11-A2B5-8C347DC602DA}"
EndProject
Project("{FAE04EC0-301F-11D3-BF4B-00C04F79EFBC}") = "ReadConsole", "ReadConsole\ReadConsole.csproj", "{DA8615F4-A20A-42A8-AB58-AB36E2357C24}"
EndProject
Global
	GlobalSection(SolutionConfigurationPlatforms) = preSolution
		Debug|Any CPU = Debug|Any CPU
		Release|Any CPU = Release|Any CPU
	EndGlobalSection
	GlobalSection(ProjectConfigurationPlatforms) = postSolution
		{18CCEC68-6E55-4B94-AF97-9D418A74C7B3}.Debug|Any CPU.ActiveCfg = Debug|Any CPU
		{18CCEC68-6E55-4B94-AF97-9D418A74C7B3}.Debug|Any CPU.Build.0 = Debug|Any CPU
		{18CCEC68-6E55-4B94-AF97-9D418A74C7B3}.Release|Any CPU.ActiveCfg = Release|Any CPU
		{18CCEC68-6E55-4B94-AF97-9D418A74C7B3}.Release|Any CPU.Build.0 = Release|Any CPU
		{B278C0DB-F6BA-4D11-A2B5-8C347DC602DA}.Debug|Any CPU.ActiveCfg = Debug|Any CPU
		{B278C0DB-F6BA-4D11-A2B5-8C347DC602DA}.Debug|Any CPU.Build.0 = Debug|Any CPU
		{B278C0DB-F6BA-4D11-A2B5-8C347DC602DA}.Release|Any CPU.ActiveCfg = Release|Any CPU
		{B278C0DB-F6BA-4D11-A2B5-8C347DC602DA}.Release|Any CPU.Build.0 = Release|Any CPU
		{DA8615F4-A20A-42A8-AB58-AB36E2357C24}.Debug|Any CPU.ActiveCfg = Debug|Any CPU
		{DA8615F4-A20A-42A8-AB58-AB36E2357C24}.Debug|Any CPU.Build.0 = Debug|Any CPU
		{DA8615F4-A20A-42A8-AB58-AB36E2357C24}.Release|Any CPU.ActiveCfg = Release|Any CPU
		{DA8615F4-A20A-42A8-AB58-AB36E2357C24}.Release|Any CPU.Build.0 = Release|Any CPU
	EndGlobalSection
	GlobalSection(SolutionProperties) = preSolution
		HideSolutionNode = FALSE
	EndGlobalSection
	GlobalSection(ExtensibilityGlobals) = postSolution
		SolutionGuid = {9BB740F6-5CD3-41E3-8275-0E4B28D31FB9}
	EndGlobalSection
EndGlobal
